github.com/davecgh/go-spew v1.1.0/go.mod h1:J7Y8YcW2NihsgmVo/mv3lAwl/skON4iLHjSsI+c5H38=
github.com/davecgh/go-spew v1.1.1 h1:vj9j/u1bqnvCEfJOwUhtlOARqs3+rkHYY13jYWTU97c=
github.com/davecgh/go-spew v1.1.1/go.mod h1:J7Y8YcW2NihsgmVo/mv3lAwl/skON4iLHjSsI+c5H38=
github.com/goclub/conv v0.0.0-20210212151006-bf351eebad9d h1:OlX7mW06CXqhy5UV8XHmrXViKv5eozanYbSyLBW5U54=
github.com/goclub/conv v0.0.0-20210212151006-bf351eebad9d/go.mod h1:iAu2C+UiczzPo2c9enIIzM5xeLbvpbpPw8bzmL4xt80=
github.com/goclub/test v0.0.0-20210209034415-7bb016d51915 h1:rbWHKEXnpuFZbCk4yFHJbM7JxP19eVHQygmMlkXuUp8=
github.com/goclub/test v0.0.0-20210209034415-7bb016d51915/go.mod h1:iaoSHMK0wKp8Ja5PL/hHKJDvx1nBQnn0tV1cvMX4hMw=
github.com/google/uuid v1.2.0 h1:qJYtXnJRWmpe7m/3XlyhrsLrEURqHRM2kxzoxXqyUDs=
github.com/google/uuid v1.2.0/go.mod h1:TIyPZe4MgqvfeYDBFedMoGGpEw/LqOeaOT+nhxU+yHo=
github.com/mediocregopher/radix/v4 v4.0.0-beta.1 h1:RDgQ4wCQ6f+pUsX20CIzjNJnI5P9KDw4j1sjOVHxo7Y=
github.com/mediocregopher/radix/v4 v4.0.0-beta.1/go.mod h1:Z74pilm773ghbGV4EEoPvi6XWgkAfr0VCNkfa8gI1PU=
github.com/pkg/errors v0.9.1 h1:FEBLx1zS214owpjy7qsBeixbURkuhQAwrK5UwLGTwt4=
github.com/pkg/errors v0.9.1/go.mod h1:bwawxfHBFNV+L2hUp1rHADufV3IMtnDRdf1r5NINEl0=
github.com/pmezard/go-difflib v1.0.0 h1:4DBwDE0NGyQoBHbLQYPwSUPoCMWR5BEzIk/f1lZbAQM=
github.com/pmezard/go-difflib v1.0.0/go.mod h1:iKH77koFhYxTK1pcRnkKkqfTogsbg7gZNVY4sRDYZ/4=
github.com/stretchr/objx v0.1.0/go.mod h1:HFkY916IF+rwdDfMAkV7OtwuqBVzrE8GR6GFx+wExME=
github.com/stretchr/testify v1.2.2 h1:bSDNvY7ZPG5RlJ8otE/7V6gMiyenm9RtJ7IUVIAoJ1w=
github.com/stretchr/testify v1.2.2/go.mod h1:a8OnRcib4nhh0OaRAV+Yts87kKdq0PP7pXfy6kDkUVs=
github.com/stretchr/testify v1.6.1/go.mod h1:6Fq8oRcR53rry900zMqJjRRixrwX3KX962/h/Wwjteg=
github.com/stretchr/testify v1.7.0 h1:nwc3DEeHmmLAfoZucVR881uASk0Mfjw8xYJ99tb5CcY=
github.com/stretchr/testify v1.7.0/go.mod h1:6Fq8oRcR53rry900zMqJjRRixrwX3KX962/h/Wwjteg=
github.com/tilinna/clock v1.0.2 h1:6BO2tyAC9JbPExKH/z9zl44FLu1lImh3nDNKA0kgrkI=
github.com/tilinna/clock v1.0.2/go.mod h1:ZsP7BcY7sEEz7ktc0IVy8Us6boDrK8VradlKRUGfOao=
gopkg.in/check.v1 v0.0.0-20161208181325-20d25e280405 h1:yhCVgyC4o1eVCa2tZl7eS0r+SDo693bJlVdllGtEeKM=
gopkg.in/check.v1 v0.0.0-20161208181325-20d25e280405/go.mod h1:Co6ibVJAznAaIkqp8huTwlJQCZ016jof/cbN4VW5Yz0=
gopkg.in/yaml.v3 v3.0.0-20200313102051-9f266ea9e77c h1:dUUwHk2QECo/6vqA44rthZ8ie2QXMNeKRTHCNY2nXvo=
gopkg.in/yaml.v3 v3.0.0-20200313102051-9f266ea9e77c/go.mod h1:K4uyk7z7BCEPqu6E+C64Yfv1cQ7kz7rIZviUmN+EgEM=
