github.com/davecgh/go-spew v1.1.0/go.mod h1:J7Y8YcW2NihsgmVo/mv3lAwl/skON4iLHjSsI+c5H38=
github.com/davecgh/go-spew v1.1.1 h1:vj9j/u1bqnvCEfJOwUhtlOARqs3+rkHYY13jYWTU97c=
github.com/davecgh/go-spew v1.1.1/go.mod h1:J7Y8YcW2NihsgmVo/mv3lAwl/skON4iLHjSsI+c5H38=
github.com/goclub/conv v0.0.0-20210212151006-bf351eebad9d h1:OlX7mW06CXqhy5UV8XHmrXViKv5eozanYbSyLBW5U54=
github.com/goclub/conv v0.0.0-20210212151006-bf351eebad9d/go.mod h1:iAu2C+UiczzPo2c9enIIzM5xeLbvpbpPw8bzmL4xt80=
github.com/goclub/json v0.0.0-20201212033753-4350fe0a941e h1:f/k5Ym11yl5ZXT12kQRuI1OFI+j66ubwLHCm6i+Mg9E=
github.com/goclub/json v0.0.0-20201212033753-4350fe0a941e/go.mod h1:K7bX26XRz/QHEzyXUZNCYwN8yQsrfedeC1hhsE9HcRk=
github.com/goclub/redis v0.0.0-20210217123831-ec42e897e9a3 h1:T+T/Izt7gvgbvpazsAzo1BiybsHVgM6D9wsyVjIRVg4=
github.com/goclub/redis v0.0.0-20210217123831-ec42e897e9a3/go.mod h1:AyT89wWQ7DmTSIqu4S21w+ibhm8OuJq5xsI4yjrjhPU=
github.com/goclub/redis v0.0.0-20210218130353-a0543a55278d h1:9RInYFpzhl4IrfbRVV9R78y7oRoRCO+gh2siWDpLTVM=
github.com/goclub/redis v0.0.0-20210218130353-a0543a55278d/go.mod h1:eflWOVz/4S7F7p6374wF6slMtqwqC5uDdmJfIDjcM8E=
github.com/goclub/redis v0.0.0-20210218133151-6af51038c579 h1:uuJKxQas9hVuqTzoXd1RXI4UK6WcrF8s7ym4MifhDmY=
github.com/goclub/redis v0.0.0-20210218133151-6af51038c579/go.mod h1:eflWOVz/4S7F7p6374wF6slMtqwqC5uDdmJfIDjcM8E=
github.com/goclub/redis v0.0.0-20210218134408-f040bb3d75c1 h1:2zOIuwTz9akaHLRhyo3psczExdy1XIYe2JDYjA4dGWU=
github.com/goclub/redis v0.0.0-20210218134408-f040bb3d75c1/go.mod h1:eflWOVz/4S7F7p6374wF6slMtqwqC5uDdmJfIDjcM8E=
github.com/goclub/test v0.0.0-20210209034415-7bb016d51915 h1:rbWHKEXnpuFZbCk4yFHJbM7JxP19eVHQygmMlkXuUp8=
github.com/goclub/test v0.0.0-20210209034415-7bb016d51915/go.mod h1:iaoSHMK0wKp8Ja5PL/hHKJDvx1nBQnn0tV1cvMX4hMw=
github.com/goclub/time v0.0.0-20210216095258-6671383b69d3 h1:+nY3ti4L5BAOZUnmfiKXJDgNJQDXKqNItJAybcGdQIc=
github.com/goclub/time v0.0.0-20210216095258-6671383b69d3/go.mod h1:ubQiIzvf3qBw+a+J5563Rpf3yq2UvsVQzESGdg1rR4A=
github.com/google/uuid v1.2.0 h1:qJYtXnJRWmpe7m/3XlyhrsLrEURqHRM2kxzoxXqyUDs=
github.com/google/uuid v1.2.0/go.mod h1:TIyPZe4MgqvfeYDBFedMoGGpEw/LqOeaOT+nhxU+yHo=
github.com/mediocregopher/radix/v4 v4.0.0-beta.1 h1:RDgQ4wCQ6f+pUsX20CIzjNJnI5P9KDw4j1sjOVHxo7Y=
github.com/mediocregopher/radix/v4 v4.0.0-beta.1/go.mod h1:Z74pilm773ghbGV4EEoPvi6XWgkAfr0VCNkfa8gI1PU=
github.com/pkg/errors v0.9.1 h1:FEBLx1zS214owpjy7qsBeixbURkuhQAwrK5UwLGTwt4=
github.com/pkg/errors v0.9.1/go.mod h1:bwawxfHBFNV+L2hUp1rHADufV3IMtnDRdf1r5NINEl0=
github.com/pmezard/go-difflib v1.0.0 h1:4DBwDE0NGyQoBHbLQYPwSUPoCMWR5BEzIk/f1lZbAQM=
github.com/pmezard/go-difflib v1.0.0/go.mod h1:iKH77koFhYxTK1pcRnkKkqfTogsbg7gZNVY4sRDYZ/4=
github.com/redis-driver/mediocregopher-radix-v4 v0.0.0-20210218124611-62c8fc4b258b h1:QCnuW6msODyyKKfVqKWoyNE3c8fkmYXWVoF+SKOSIvU=
github.com/redis-driver/mediocregopher-radix-v4 v0.0.0-20210218124611-62c8fc4b258b/go.mod h1:Uch/Gy2YDDuhcp5J+qpZee74V3D71wSNFOEXcx3SmJw=
github.com/redis-driver/script v0.0.0-20210218124209-40ab117c8db3 h1:SweEkW9v8EXkAk/KTU0h9iTloDWd7nsnmgLdzS/1KSc=
github.com/redis-driver/script v0.0.0-20210218124209-40ab117c8db3/go.mod h1:2zrX0XkT2R4GdK4kvfgkgem0FyfHdAkfAtrMvckI6js=
github.com/stretchr/objx v0.1.0/go.mod h1:HFkY916IF+rwdDfMAkV7OtwuqBVzrE8GR6GFx+wExME=
github.com/stretchr/testify v1.2.2/go.mod h1:a8OnRcib4nhh0OaRAV+Yts87kKdq0PP7pXfy6kDkUVs=
github.com/stretchr/testify v1.6.1/go.mod h1:6Fq8oRcR53rry900zMqJjRRixrwX3KX962/h/Wwjteg=
github.com/stretchr/testify v1.7.0 h1:nwc3DEeHmmLAfoZucVR881uASk0Mfjw8xYJ99tb5CcY=
github.com/stretchr/testify v1.7.0/go.mod h1:6Fq8oRcR53rry900zMqJjRRixrwX3KX962/h/Wwjteg=
github.com/tilinna/clock v1.0.2 h1:6BO2tyAC9JbPExKH/z9zl44FLu1lImh3nDNKA0kgrkI=
github.com/tilinna/clock v1.0.2/go.mod h1:ZsP7BcY7sEEz7ktc0IVy8Us6boDrK8VradlKRUGfOao=
gopkg.in/check.v1 v0.0.0-20161208181325-20d25e280405 h1:yhCVgyC4o1eVCa2tZl7eS0r+SDo693bJlVdllGtEeKM=
gopkg.in/check.v1 v0.0.0-20161208181325-20d25e280405/go.mod h1:Co6ibVJAznAaIkqp8huTwlJQCZ016jof/cbN4VW5Yz0=
gopkg.in/yaml.v3 v3.0.0-20200313102051-9f266ea9e77c h1:dUUwHk2QECo/6vqA44rthZ8ie2QXMNeKRTHCNY2nXvo=
gopkg.in/yaml.v3 v3.0.0-20200313102051-9f266ea9e77c/go.mod h1:K4uyk7z7BCEPqu6E+C64Yfv1cQ7kz7rIZviUmN+EgEM=
